
Microsoft Visual Studio Solution File, Format Version 12.00
# Visual Studio 15
VisualStudioVersion = 15.0.28307.572
MinimumVisualStudioVersion = 10.0.40219.1
Project("{FAE04EC0-301F-11D3-BF4B-00C04F79EFBC}") = "ArcherGame", "ArcherGame\ArcherGame.csproj", "{2F15F13A-29A5-4A64-B15A-E0DE3C738CE1}"
EndProject
Global
	GlobalSection(SolutionConfigurationPlatforms) = preSolution
		Debug|Any CPU = Debug|Any CPU
		Release|Any CPU = Release|Any CPU
	EndGlobalSection
	GlobalSection(ProjectConfigurationPlatforms) = postSolution
		{2F15F13A-29A5-4A64-B15A-E0DE3C738CE1}.Debug|Any CPU.ActiveCfg = Debug|Any CPU
		{2F15F13A-29A5-4A64-B15A-E0DE3C738CE1}.Debug|Any CPU.Build.0 = Debug|Any CPU
		{2F15F13A-29A5-4A64-B15A-E0DE3C738CE1}.Release|Any CPU.ActiveCfg = Release|Any CPU
		{2F15F13A-29A5-4A64-B15A-E0DE3C738CE1}.Release|Any CPU.Build.0 = Release|Any CPU
	EndGlobalSection
	GlobalSection(SolutionProperties) = preSolution
		HideSolutionNode = FALSE
	EndGlobalSection
	GlobalSection(ExtensibilityGlobals) = postSolution
		SolutionGuid = {C4F294D6-382E-4189-8F98-11D58D63707D}
	EndGlobalSection
EndGlobal
